// !$*UTF8*$!
{
	archiveVersion = 1;
	classes = {
	};
	objectVersion = 56;
	objects = {

/* Begin PBXBuildFile section */
		7650A7DF2BED26B100DA7C6C /* ScannerVC.swift in Sources */ = {isa = PBXBuildFile; fileRef = 7650A7DE2BED26B100DA7C6C /* ScannerVC.swift */; };
		7650A7E12BED471200DA7C6C /* ScannerView.swift in Sources */ = {isa = PBXBuildFile; fileRef = 7650A7E02BED471200DA7C6C /* ScannerView.swift */; };
		76A55B0C2BEF84870033040B /* Alert.swift in Sources */ = {isa = PBXBuildFile; fileRef = 76A55B0B2BEF84870033040B /* Alert.swift */; };
		76A55B0E2BEF858D0033040B /* BarcodeScannerViewModel.swift in Sources */ = {isa = PBXBuildFile; fileRef = 76A55B0D2BEF858D0033040B /* BarcodeScannerViewModel.swift */; };
		76E07E8B2BE9661B000C89AB /* BarcodeScannerApp.swift in Sources */ = {isa = PBXBuildFile; fileRef = 76E07E8A2BE9661B000C89AB /* BarcodeScannerApp.swift */; };
		76E07E8D2BE9661B000C89AB /* BarcodeScannerView.swift in Sources */ = {isa = PBXBuildFile; fileRef = 76E07E8C2BE9661B000C89AB /* BarcodeScannerView.swift */; };
		76E07E8F2BE9661F000C89AB /* Assets.xcassets in Resources */ = {isa = PBXBuildFile; fileRef = 76E07E8E2BE9661F000C89AB /* Assets.xcassets */; };
		76E07E922BE9661F000C89AB /* Preview Assets.xcassets in Resources */ = {isa = PBXBuildFile; fileRef = 76E07E912BE9661F000C89AB /* Preview Assets.xcassets */; };
		76E07E9C2BE96620000C89AB /* BarcodeScannerTests.swift in Sources */ = {isa = PBXBuildFile; fileRef = 76E07E9B2BE96620000C89AB /* BarcodeScannerTests.swift */; };
		76E07EA62BE96620000C89AB /* BarcodeScannerUITests.swift in Sources */ = {isa = PBXBuildFile; fileRef = 76E07EA52BE96620000C89AB /* BarcodeScannerUITests.swift */; };
		76E07EA82BE96620000C89AB /* BarcodeScannerUITestsLaunchTests.swift in Sources */ = {isa = PBXBuildFile; fileRef = 76E07EA72BE96620000C89AB /* BarcodeScannerUITestsLaunchTests.swift */; };
/* End PBXBuildFile section */

/* Begin PBXContainerItemProxy section */
		76E07E982BE96620000C89AB /* PBXContainerItemProxy */ = {
			isa = PBXContainerItemProxy;
			containerPortal = 76E07E7F2BE9661B000C89AB /* Project object */;
			proxyType = 1;
			remoteGlobalIDString = 76E07E862BE9661B000C89AB;
			remoteInfo = BarcodeScanner;
		};
		76E07EA22BE96620000C89AB /* PBXContainerItemProxy */ = {
			isa = PBXContainerItemProxy;
			containerPortal = 76E07E7F2BE9661B000C89AB /* Project object */;
			proxyType = 1;
			remoteGlobalIDString = 76E07E862BE9661B000C89AB;
			remoteInfo = BarcodeScanner;
		};
/* End PBXContainerItemProxy section */

/* Begin PBXFileReference section */
		7650A7DE2BED26B100DA7C6C /* ScannerVC.swift */ = {isa = PBXFileReference; lastKnownFileType = sourcecode.swift; path = ScannerVC.swift; sourceTree = "<group>"; };
		7650A7E02BED471200DA7C6C /* ScannerView.swift */ = {isa = PBXFileReference; lastKnownFileType = sourcecode.swift; path = ScannerView.swift; sourceTree = "<group>"; };
		76A55B0B2BEF84870033040B /* Alert.swift */ = {isa = PBXFileReference; lastKnownFileType = sourcecode.swift; path = Alert.swift; sourceTree = "<group>"; };
		76A55B0D2BEF858D0033040B /* BarcodeScannerViewModel.swift */ = {isa = PBXFileReference; lastKnownFileType = sourcecode.swift; path = BarcodeScannerViewModel.swift; sourceTree = "<group>"; };
		76E07E872BE9661B000C89AB /* BarcodeScanner.app */ = {isa = PBXFileReference; explicitFileType = wrapper.application; includeInIndex = 0; path = BarcodeScanner.app; sourceTree = BUILT_PRODUCTS_DIR; };
		76E07E8A2BE9661B000C89AB /* BarcodeScannerApp.swift */ = {isa = PBXFileReference; lastKnownFileType = sourcecode.swift; path = BarcodeScannerApp.swift; sourceTree = "<group>"; };
		76E07E8C2BE9661B000C89AB /* BarcodeScannerView.swift */ = {isa = PBXFileReference; lastKnownFileType = sourcecode.swift; path = BarcodeScannerView.swift; sourceTree = "<group>"; };
		76E07E8E2BE9661F000C89AB /* Assets.xcassets */ = {isa = PBXFileReference; lastKnownFileType = folder.assetcatalog; path = Assets.xcassets; sourceTree = "<group>"; };
		76E07E912BE9661F000C89AB /* Preview Assets.xcassets */ = {isa = PBXFileReference; lastKnownFileType = folder.assetcatalog; path = "Preview Assets.xcassets"; sourceTree = "<group>"; };
		76E07E972BE96620000C89AB /* BarcodeScannerTests.xctest */ = {isa = PBXFileReference; explicitFileType = wrapper.cfbundle; includeInIndex = 0; path = BarcodeScannerTests.xctest; sourceTree = BUILT_PRODUCTS_DIR; };
		76E07E9B2BE96620000C89AB /* BarcodeScannerTests.swift */ = {isa = PBXFileReference; lastKnownFileType = sourcecode.swift; path = BarcodeScannerTests.swift; sourceTree = "<group>"; };
		76E07EA12BE96620000C89AB /* BarcodeScannerUITests.xctest */ = {isa = PBXFileReference; explicitFileType = wrapper.cfbundle; includeInIndex = 0; path = BarcodeScannerUITests.xctest; sourceTree = BUILT_PRODUCTS_DIR; };
		76E07EA52BE96620000C89AB /* BarcodeScannerUITests.swift */ = {isa = PBXFileReference; lastKnownFileType = sourcecode.swift; path = BarcodeScannerUITests.swift; sourceTree = "<group>"; };
		76E07EA72BE96620000C89AB /* BarcodeScannerUITestsLaunchTests.swift */ = {isa = PBXFileReference; lastKnownFileType = sourcecode.swift; path = BarcodeScannerUITestsLaunchTests.swift; sourceTree = "<group>"; };
/* End PBXFileReference section */

/* Begin PBXFrameworksBuildPhase section */
		76E07E842BE9661B000C89AB /* Frameworks */ = {
			isa = PBXFrameworksBuildPhase;
			buildActionMask = 2147483647;
			files = (
			);
			runOnlyForDeploymentPostprocessing = 0;
		};
		76E07E942BE96620000C89AB /* Frameworks */ = {
			isa = PBXFrameworksBuildPhase;
			buildActionMask = 2147483647;
			files = (
			);
			runOnlyForDeploymentPostprocessing = 0;
		};
		76E07E9E2BE96620000C89AB /* Frameworks */ = {
			isa = PBXFrameworksBuildPhase;
			buildActionMask = 2147483647;
			files = (
			);
			runOnlyForDeploymentPostprocessing = 0;
		};
/* End PBXFrameworksBuildPhase section */

/* Begin PBXGroup section */
		76A55B0F2BEF88620033040B /* Screens */ = {
			isa = PBXGroup;
			children = (
				76A55B102BEF886D0033040B /* BarcodeScanner */,
			);
			path = Screens;
			sourceTree = "<group>";
		};
		76A55B102BEF886D0033040B /* BarcodeScanner */ = {
			isa = PBXGroup;
			children = (
				76E07E8C2BE9661B000C89AB /* BarcodeScannerView.swift */,
				76A55B0D2BEF858D0033040B /* BarcodeScannerViewModel.swift */,
			);
			path = BarcodeScanner;
			sourceTree = "<group>";
		};
		76A55B112BEF88D80033040B /* UIkit Components */ = {
			isa = PBXGroup;
			children = (
				7650A7DE2BED26B100DA7C6C /* ScannerVC.swift */,
				7650A7E02BED471200DA7C6C /* ScannerView.swift */,
			);
			path = "UIkit Components";
			sourceTree = "<group>";
		};
		76A55B122BEF894D0033040B /* Utilities */ = {
			isa = PBXGroup;
			children = (
				76A55B0B2BEF84870033040B /* Alert.swift */,
			);
			path = Utilities;
			sourceTree = "<group>";
		};
		76E07E7E2BE9661B000C89AB = {
			isa = PBXGroup;
			children = (
				76E07E892BE9661B000C89AB /* BarcodeScanner */,
				76E07E9A2BE96620000C89AB /* BarcodeScannerTests */,
				76E07EA42BE96620000C89AB /* BarcodeScannerUITests */,
				76E07E882BE9661B000C89AB /* Products */,
			);
			sourceTree = "<group>";
		};
		76E07E882BE9661B000C89AB /* Products */ = {
			isa = PBXGroup;
			children = (
				76E07E872BE9661B000C89AB /* BarcodeScanner.app */,
				76E07E972BE96620000C89AB /* BarcodeScannerTests.xctest */,
				76E07EA12BE96620000C89AB /* BarcodeScannerUITests.xctest */,
			);
			name = Products;
			sourceTree = "<group>";
		};
		76E07E892BE9661B000C89AB /* BarcodeScanner */ = {
			isa = PBXGroup;
			children = (
				76E07E8A2BE9661B000C89AB /* BarcodeScannerApp.swift */,
				76A55B122BEF894D0033040B /* Utilities */,
				76A55B112BEF88D80033040B /* UIkit Components */,
				76A55B0F2BEF88620033040B /* Screens */,
				76E07E8E2BE9661F000C89AB /* Assets.xcassets */,
				76E07E902BE9661F000C89AB /* Preview Content */,
			);
			path = BarcodeScanner;
			sourceTree = "<group>";
		};
		76E07E902BE9661F000C89AB /* Preview Content */ = {
			isa = PBXGroup;
			children = (
				76E07E912BE9661F000C89AB /* Preview Assets.xcassets */,
			);
			path = "Preview Content";
			sourceTree = "<group>";
		};
		76E07E9A2BE96620000C89AB /* BarcodeScannerTests */ = {
			isa = PBXGroup;
			children = (
				76E07E9B2BE96620000C89AB /* BarcodeScannerTests.swift */,
			);
			path = BarcodeScannerTests;
			sourceTree = "<group>";
		};
		76E07EA42BE96620000C89AB /* BarcodeScannerUITests */ = {
			isa = PBXGroup;
			children = (
				76E07EA52BE96620000C89AB /* BarcodeScannerUITests.swift */,
				76E07EA72BE96620000C89AB /* BarcodeScannerUITestsLaunchTests.swift */,
			);
			path = BarcodeScannerUITests;
			sourceTree = "<group>";
		};
/* End PBXGroup section */

/* Begin PBXNativeTarget section */
		76E07E862BE9661B000C89AB /* BarcodeScanner */ = {
			isa = PBXNativeTarget;
			buildConfigurationList = 76E07EAB2BE96620000C89AB /* Build configuration list for PBXNativeTarget "BarcodeScanner" */;
			buildPhases = (
				76E07E832BE9661B000C89AB /* Sources */,
				76E07E842BE9661B000C89AB /* Frameworks */,
				76E07E852BE9661B000C89AB /* Resources */,
			);
			buildRules = (
			);
			dependencies = (
			);
			name = BarcodeScanner;
			productName = BarcodeScanner;
			productReference = 76E07E872BE9661B000C89AB /* BarcodeScanner.app */;
			productType = "com.apple.product-type.application";
		};
		76E07E962BE96620000C89AB /* BarcodeScannerTests */ = {
			isa = PBXNativeTarget;
			buildConfigurationList = 76E07EAE2BE96620000C89AB /* Build configuration list for PBXNativeTarget "BarcodeScannerTests" */;
			buildPhases = (
				76E07E932BE96620000C89AB /* Sources */,
				76E07E942BE96620000C89AB /* Frameworks */,
				76E07E952BE96620000C89AB /* Resources */,
			);
			buildRules = (
			);
			dependencies = (
				76E07E992BE96620000C89AB /* PBXTargetDependency */,
			);
			name = BarcodeScannerTests;
			productName = BarcodeScannerTests;
			productReference = 76E07E972BE96620000C89AB /* BarcodeScannerTests.xctest */;
			productType = "com.apple.product-type.bundle.unit-test";
		};
		76E07EA02BE96620000C89AB /* BarcodeScannerUITests */ = {
			isa = PBXNativeTarget;
			buildConfigurationList = 76E07EB12BE96620000C89AB /* Build configuration list for PBXNativeTarget "BarcodeScannerUITests" */;
			buildPhases = (
				76E07E9D2BE96620000C89AB /* Sources */,
				76E07E9E2BE96620000C89AB /* Frameworks */,
				76E07E9F2BE96620000C89AB /* Resources */,
			);
			buildRules = (
			);
			dependencies = (
				76E07EA32BE96620000C89AB /* PBXTargetDependency */,
			);
			name = BarcodeScannerUITests;
			productName = BarcodeScannerUITests;
			productReference = 76E07EA12BE96620000C89AB /* BarcodeScannerUITests.xctest */;
			productType = "com.apple.product-type.bundle.ui-testing";
		};
/* End PBXNativeTarget section */

/* Begin PBXProject section */
		76E07E7F2BE9661B000C89AB /* Project object */ = {
			isa = PBXProject;
			attributes = {
				BuildIndependentTargetsInParallel = 1;
				LastSwiftUpdateCheck = 1520;
				LastUpgradeCheck = 1520;
				TargetAttributes = {
					76E07E862BE9661B000C89AB = {
						CreatedOnToolsVersion = 15.2;
					};
					76E07E962BE96620000C89AB = {
						CreatedOnToolsVersion = 15.2;
						TestTargetID = 76E07E862BE9661B000C89AB;
					};
					76E07EA02BE96620000C89AB = {
						CreatedOnToolsVersion = 15.2;
						TestTargetID = 76E07E862BE9661B000C89AB;
					};
				};
			};
			buildConfigurationList = 76E07E822BE9661B000C89AB /* Build configuration list for PBXProject "BarcodeScanner" */;
			compatibilityVersion = "Xcode 14.0";
			developmentRegion = en;
			hasScannedForEncodings = 0;
			knownRegions = (
				en,
				Base,
			);
			mainGroup = 76E07E7E2BE9661B000C89AB;
			productRefGroup = 76E07E882BE9661B000C89AB /* Products */;
			projectDirPath = "";
			projectRoot = "";
			targets = (
				76E07E862BE9661B000C89AB /* BarcodeScanner */,
				76E07E962BE96620000C89AB /* BarcodeScannerTests */,
				76E07EA02BE96620000C89AB /* BarcodeScannerUITests */,
			);
		};
/* End PBXProject section */

/* Begin PBXResourcesBuildPhase section */
		76E07E852BE9661B000C89AB /* Resources */ = {
			isa = PBXResourcesBuildPhase;
			buildActionMask = 2147483647;
			files = (
				76E07E922BE9661F000C89AB /* Preview Assets.xcassets in Resources */,
				76E07E8F2BE9661F000C89AB /* Assets.xcassets in Resources */,
			);
			runOnlyForDeploymentPostprocessing = 0;
		};
		76E07E952BE96620000C89AB /* Resources */ = {
			isa = PBXResourcesBuildPhase;
			buildActionMask = 2147483647;
			files = (
			);
			runOnlyForDeploymentPostprocessing = 0;
		};
		76E07E9F2BE96620000C89AB /* Resources */ = {
			isa = PBXResourcesBuildPhase;
			buildActionMask = 2147483647;
			files = (
			);
			runOnlyForDeploymentPostprocessing = 0;
		};
/* End PBXResourcesBuildPhase section */

/* Begin PBXSourcesBuildPhase section */
		76E07E832BE9661B000C89AB /* Sources */ = {
			isa = PBXSourcesBuildPhase;
			buildActionMask = 2147483647;
			files = (
				76A55B0E2BEF858D0033040B /* BarcodeScannerViewModel.swift in Sources */,
				7650A7DF2BED26B100DA7C6C /* ScannerVC.swift in Sources */,
				7650A7E12BED471200DA7C6C /* ScannerView.swift in Sources */,
				76E07E8D2BE9661B000C89AB /* BarcodeScannerView.swift in Sources */,
				76A55B0C2BEF84870033040B /* Alert.swift in Sources */,
				76E07E8B2BE9661B000C89AB /* BarcodeScannerApp.swift in Sources */,
			);
			runOnlyForDeploymentPostprocessing = 0;
		};
		76E07E932BE96620000C89AB /* Sources */ = {
			isa = PBXSourcesBuildPhase;
			buildActionMask = 2147483647;
			files = (
				76E07E9C2BE96620000C89AB /* BarcodeScannerTests.swift in Sources */,
			);
			runOnlyForDeploymentPostprocessing = 0;
		};
		76E07E9D2BE96620000C89AB /* Sources */ = {
			isa = PBXSourcesBuildPhase;
			buildActionMask = 2147483647;
			files = (
				76E07EA82BE96620000C89AB /* BarcodeScannerUITestsLaunchTests.swift in Sources */,
				76E07EA62BE96620000C89AB /* BarcodeScannerUITests.swift in Sources */,
			);
			runOnlyForDeploymentPostprocessing = 0;
		};
/* End PBXSourcesBuildPhase section */

/* Begin PBXTargetDependency section */
		76E07E992BE96620000C89AB /* PBXTargetDependency */ = {
			isa = PBXTargetDependency;
			target = 76E07E862BE9661B000C89AB /* BarcodeScanner */;
			targetProxy = 76E07E982BE96620000C89AB /* PBXContainerItemProxy */;
		};
		76E07EA32BE96620000C89AB /* PBXTargetDependency */ = {
			isa = PBXTargetDependency;
			target = 76E07E862BE9661B000C89AB /* BarcodeScanner */;
			targetProxy = 76E07EA22BE96620000C89AB /* PBXContainerItemProxy */;
		};
/* End PBXTargetDependency section */

/* Begin XCBuildConfiguration section */
		76E07EA92BE96620000C89AB /* Debug */ = {
			isa = XCBuildConfiguration;
			buildSettings = {
				ALWAYS_SEARCH_USER_PATHS = NO;
				ASSETCATALOG_COMPILER_GENERATE_SWIFT_ASSET_SYMBOL_EXTENSIONS = YES;
				CLANG_ANALYZER_NONNULL = YES;
				CLANG_ANALYZER_NUMBER_OBJECT_CONVERSION = YES_AGGRESSIVE;
				CLANG_CXX_LANGUAGE_STANDARD = "gnu++20";
				CLANG_ENABLE_MODULES = YES;
				CLANG_ENABLE_OBJC_ARC = YES;
				CLANG_ENABLE_OBJC_WEAK = YES;
				CLANG_WARN_BLOCK_CAPTURE_AUTORELEASING = YES;
				CLANG_WARN_BOOL_CONVERSION = YES;
				CLANG_WARN_COMMA = YES;
				CLANG_WARN_CONSTANT_CONVERSION = YES;
				CLANG_WARN_DEPRECATED_OBJC_IMPLEMENTATIONS = YES;
				CLANG_WARN_DIRECT_OBJC_ISA_USAGE = YES_ERROR;
				CLANG_WARN_DOCUMENTATION_COMMENTS = YES;
				CLANG_WARN_EMPTY_BODY = YES;
				CLANG_WARN_ENUM_CONVERSION = YES;
				CLANG_WARN_INFINITE_RECURSION = YES;
				CLANG_WARN_INT_CONVERSION = YES;
				CLANG_WARN_NON_LITERAL_NULL_CONVERSION = YES;
				CLANG_WARN_OBJC_IMPLICIT_RETAIN_SELF = YES;
				CLANG_WARN_OBJC_LITERAL_CONVERSION = YES;
				CLANG_WARN_OBJC_ROOT_CLASS = YES_ERROR;
				CLANG_WARN_QUOTED_INCLUDE_IN_FRAMEWORK_HEADER = YES;
				CLANG_WARN_RANGE_LOOP_ANALYSIS = YES;
				CLANG_WARN_STRICT_PROTOTYPES = YES;
				CLANG_WARN_SUSPICIOUS_MOVE = YES;
				CLANG_WARN_UNGUARDED_AVAILABILITY = YES_AGGRESSIVE;
				CLANG_WARN_UNREACHABLE_CODE = YES;
				CLANG_WARN__DUPLICATE_METHOD_MATCH = YES;
				COPY_PHASE_STRIP = NO;
				DEBUG_INFORMATION_FORMAT = dwarf;
				ENABLE_STRICT_OBJC_MSGSEND = YES;
				ENABLE_TESTABILITY = YES;
				ENABLE_USER_SCRIPT_SANDBOXING = YES;
				GCC_C_LANGUAGE_STANDARD = gnu17;
				GCC_DYNAMIC_NO_PIC = NO;
				GCC_NO_COMMON_BLOCKS = YES;
				GCC_OPTIMIZATION_LEVEL = 0;
				GCC_PREPROCESSOR_DEFINITIONS = (
					"DEBUG=1",
					"$(inherited)",
				);
				GCC_WARN_64_TO_32_BIT_CONVERSION = YES;
				GCC_WARN_ABOUT_RETURN_TYPE = YES_ERROR;
				GCC_WARN_UNDECLARED_SELECTOR = YES;
				GCC_WARN_UNINITIALIZED_AUTOS = YES_AGGRESSIVE;
				GCC_WARN_UNUSED_FUNCTION = YES;
				GCC_WARN_UNUSED_VARIABLE = YES;
				IPHONEOS_DEPLOYMENT_TARGET = 17.2;
				LOCALIZATION_PREFERS_STRING_CATALOGS = YES;
				MTL_ENABLE_DEBUG_INFO = INCLUDE_SOURCE;
				MTL_FAST_MATH = YES;
				ONLY_ACTIVE_ARCH = YES;
				SDKROOT = iphoneos;
				SWIFT_ACTIVE_COMPILATION_CONDITIONS = "DEBUG $(inherited)";
				SWIFT_OPTIMIZATION_LEVEL = "-Onone";
			};
			name = Debug;
		};
		76E07EAA2BE96620000C89AB /* Release */ = {
			isa = XCBuildConfiguration;
			buildSettings = {
				ALWAYS_SEARCH_USER_PATHS = NO;
				ASSETCATALOG_COMPILER_GENERATE_SWIFT_ASSET_SYMBOL_EXTENSIONS = YES;
				CLANG_ANALYZER_NONNULL = YES;
				CLANG_ANALYZER_NUMBER_OBJECT_CONVERSION = YES_AGGRESSIVE;
				CLANG_CXX_LANGUAGE_STANDARD = "gnu++20";
				CLANG_ENABLE_MODULES = YES;
				CLANG_ENABLE_OBJC_ARC = YES;
				CLANG_ENABLE_OBJC_WEAK = YES;
				CLANG_WARN_BLOCK_CAPTURE_AUTORELEASING = YES;
				CLANG_WARN_BOOL_CONVERSION = YES;
				CLANG_WARN_COMMA = YES;
				CLANG_WARN_CONSTANT_CONVERSION = YES;
				CLANG_WARN_DEPRECATED_OBJC_IMPLEMENTATIONS = YES;
				CLANG_WARN_DIRECT_OBJC_ISA_USAGE = YES_ERROR;
				CLANG_WARN_DOCUMENTATION_COMMENTS = YES;
				CLANG_WARN_EMPTY_BODY = YES;
				CLANG_WARN_ENUM_CONVERSION = YES;
				CLANG_WARN_INFINITE_RECURSION = YES;
				CLANG_WARN_INT_CONVERSION = YES;
				CLANG_WARN_NON_LITERAL_NULL_CONVERSION = YES;
				CLANG_WARN_OBJC_IMPLICIT_RETAIN_SELF = YES;
				CLANG_WARN_OBJC_LITERAL_CONVERSION = YES;
				CLANG_WARN_OBJC_ROOT_CLASS = YES_ERROR;
				CLANG_WARN_QUOTED_INCLUDE_IN_FRAMEWORK_HEADER = YES;
				CLANG_WARN_RANGE_LOOP_ANALYSIS = YES;
				CLANG_WARN_STRICT_PROTOTYPES = YES;
				CLANG_WARN_SUSPICIOUS_MOVE = YES;
				CLANG_WARN_UNGUARDED_AVAILABILITY = YES_AGGRESSIVE;
				CLANG_WARN_UNREACHABLE_CODE = YES;
				CLANG_WARN__DUPLICATE_METHOD_MATCH = YES;
				COPY_PHASE_STRIP = NO;
				DEBUG_INFORMATION_FORMAT = "dwarf-with-dsym";
				ENABLE_NS_ASSERTIONS = NO;
				ENABLE_STRICT_OBJC_MSGSEND = YES;
				ENABLE_USER_SCRIPT_SANDBOXING = YES;
				GCC_C_LANGUAGE_STANDARD = gnu17;
				GCC_NO_COMMON_BLOCKS = YES;
				GCC_WARN_64_TO_32_BIT_CONVERSION = YES;
				GCC_WARN_ABOUT_RETURN_TYPE = YES_ERROR;
				GCC_WARN_UNDECLARED_SELECTOR = YES;
				GCC_WARN_UNINITIALIZED_AUTOS = YES_AGGRESSIVE;
				GCC_WARN_UNUSED_FUNCTION = YES;
				GCC_WARN_UNUSED_VARIABLE = YES;
				IPHONEOS_DEPLOYMENT_TARGET = 17.2;
				LOCALIZATION_PREFERS_STRING_CATALOGS = YES;
				MTL_ENABLE_DEBUG_INFO = NO;
				MTL_FAST_MATH = YES;
				SDKROOT = iphoneos;
				SWIFT_COMPILATION_MODE = wholemodule;
				VALIDATE_PRODUCT = YES;
			};
			name = Release;
		};
		76E07EAC2BE96620000C89AB /* Debug */ = {
			isa = XCBuildConfiguration;
			buildSettings = {
				ASSETCATALOG_COMPILER_APPICON_NAME = AppIcon;
				ASSETCATALOG_COMPILER_GLOBAL_ACCENT_COLOR_NAME = AccentColor;
				CODE_SIGN_STYLE = Automatic;
				CURRENT_PROJECT_VERSION = 1;
				DEVELOPMENT_ASSET_PATHS = "\"BarcodeScanner/Preview Content\"";
				DEVELOPMENT_TEAM = U5U7NZJ263;
				ENABLE_PREVIEWS = YES;
				GENERATE_INFOPLIST_FILE = YES;
				INFOPLIST_KEY_UIApplicationSceneManifest_Generation = YES;
				INFOPLIST_KEY_UIApplicationSupportsIndirectInputEvents = YES;
				INFOPLIST_KEY_UILaunchScreen_Generation = YES;
				INFOPLIST_KEY_UISupportedInterfaceOrientations_iPad = "UIInterfaceOrientationPortrait UIInterfaceOrientationPortraitUpsideDown UIInterfaceOrientationLandscapeLeft UIInterfaceOrientationLandscapeRight";
				INFOPLIST_KEY_UISupportedInterfaceOrientations_iPhone = "UIInterfaceOrientationPortrait UIInterfaceOrientationLandscapeLeft UIInterfaceOrientationLandscapeRight";
				LD_RUNPATH_SEARCH_PATHS = (
					"$(inherited)",
					"@executable_path/Frameworks",
				);
				MARKETING_VERSION = 1.0;
				PRODUCT_BUNDLE_IDENTIFIER = com.nazzyworld.BarcodeScanner;
				PRODUCT_NAME = "$(TARGET_NAME)";
				SWIFT_EMIT_LOC_STRINGS = YES;
				SWIFT_VERSION = 5.0;
				TARGETED_DEVICE_FAMILY = "1,2";
			};
			name = Debug;
		};
		76E07EAD2BE96620000C89AB /* Release */ = {
			isa = XCBuildConfiguration;
			buildSettings = {
				ASSETCATALOG_COMPILER_APPICON_NAME = AppIcon;
				ASSETCATALOG_COMPILER_GLOBAL_ACCENT_COLOR_NAME = AccentColor;
				CODE_SIGN_STYLE = Automatic;
				CURRENT_PROJECT_VERSION = 1;
				DEVELOPMENT_ASSET_PATHS = "\"BarcodeScanner/Preview Content\"";
				DEVELOPMENT_TEAM = U5U7NZJ263;
				ENABLE_PREVIEWS = YES;
				GENERATE_INFOPLIST_FILE = YES;
				INFOPLIST_KEY_UIApplicationSceneManifest_Generation = YES;
				INFOPLIST_KEY_UIApplicationSupportsIndirectInputEvents = YES;
				INFOPLIST_KEY_UILaunchScreen_Generation = YES;
				INFOPLIST_KEY_UISupportedInterfaceOrientations_iPad = "UIInterfaceOrientationPortrait UIInterfaceOrientationPortraitUpsideDown UIInterfaceOrientationLandscapeLeft UIInterfaceOrientationLandscapeRight";
				INFOPLIST_KEY_UISupportedInterfaceOrientations_iPhone = "UIInterfaceOrientationPortrait UIInterfaceOrientationLandscapeLeft UIInterfaceOrientationLandscapeRight";
				LD_RUNPATH_SEARCH_PATHS = (
					"$(inherited)",
					"@executable_path/Frameworks",
				);
				MARKETING_VERSION = 1.0;
				PRODUCT_BUNDLE_IDENTIFIER = com.nazzyworld.BarcodeScanner;
				PRODUCT_NAME = "$(TARGET_NAME)";
				SWIFT_EMIT_LOC_STRINGS = YES;
				SWIFT_VERSION = 5.0;
				TARGETED_DEVICE_FAMILY = "1,2";
			};
			name = Release;
		};
		76E07EAF2BE96620000C89AB /* Debug */ = {
			isa = XCBuildConfiguration;
			buildSettings = {
				ALWAYS_EMBED_SWIFT_STANDARD_LIBRARIES = YES;
				BUNDLE_LOADER = "$(TEST_HOST)";
				CODE_SIGN_STYLE = Automatic;
				CURRENT_PROJECT_VERSION = 1;
				DEVELOPMENT_TEAM = U5U7NZJ263;
				GENERATE_INFOPLIST_FILE = YES;
				IPHONEOS_DEPLOYMENT_TARGET = 17.2;
				MARKETING_VERSION = 1.0;
				PRODUCT_BUNDLE_IDENTIFIER = com.nazzyworld.BarcodeScannerTests;
				PRODUCT_NAME = "$(TARGET_NAME)";
				SWIFT_EMIT_LOC_STRINGS = NO;
				SWIFT_VERSION = 5.0;
				TARGETED_DEVICE_FAMILY = "1,2";
				TEST_HOST = "$(BUILT_PRODUCTS_DIR)/BarcodeScanner.app/$(BUNDLE_EXECUTABLE_FOLDER_PATH)/BarcodeScanner";
			};
			name = Debug;
		};
		76E07EB02BE96620000C89AB /* Release */ = {
			isa = XCBuildConfiguration;
			buildSettings = {
				ALWAYS_EMBED_SWIFT_STANDARD_LIBRARIES = YES;
				BUNDLE_LOADER = "$(TEST_HOST)";
				CODE_SIGN_STYLE = Automatic;
				CURRENT_PROJECT_VERSION = 1;
				DEVELOPMENT_TEAM = U5U7NZJ263;
				GENERATE_INFOPLIST_FILE = YES;
				IPHONEOS_DEPLOYMENT_TARGET = 17.2;
				MARKETING_VERSION = 1.0;
				PRODUCT_BUNDLE_IDENTIFIER = com.nazzyworld.BarcodeScannerTests;
				PRODUCT_NAME = "$(TARGET_NAME)";
				SWIFT_EMIT_LOC_STRINGS = NO;
				SWIFT_VERSION = 5.0;
				TARGETED_DEVICE_FAMILY = "1,2";
				TEST_HOST = "$(BUILT_PRODUCTS_DIR)/BarcodeScanner.app/$(BUNDLE_EXECUTABLE_FOLDER_PATH)/BarcodeScanner";
			};
			name = Release;
		};
		76E07EB22BE96620000C89AB /* Debug */ = {
			isa = XCBuildConfiguration;
			buildSettings = {
				ALWAYS_EMBED_SWIFT_STANDARD_LIBRARIES = YES;
				CODE_SIGN_STYLE = Automatic;
				CURRENT_PROJECT_VERSION = 1;
				DEVELOPMENT_TEAM = U5U7NZJ263;
				GENERATE_INFOPLIST_FILE = YES;
				MARKETING_VERSION = 1.0;
				PRODUCT_BUNDLE_IDENTIFIER = com.nazzyworld.BarcodeScannerUITests;
				PRODUCT_NAME = "$(TARGET_NAME)";
				SWIFT_EMIT_LOC_STRINGS = NO;
				SWIFT_VERSION = 5.0;
				TARGETED_DEVICE_FAMILY = "1,2";
				TEST_TARGET_NAME = BarcodeScanner;
			};
			name = Debug;
		};
		76E07EB32BE96620000C89AB /* Release */ = {
			isa = XCBuildConfiguration;
			buildSettings = {
				ALWAYS_EMBED_SWIFT_STANDARD_LIBRARIES = YES;
				CODE_SIGN_STYLE = Automatic;
				CURRENT_PROJECT_VERSION = 1;
				DEVELOPMENT_TEAM = U5U7NZJ263;
				GENERATE_INFOPLIST_FILE = YES;
				MARKETING_VERSION = 1.0;
				PRODUCT_BUNDLE_IDENTIFIER = com.nazzyworld.BarcodeScannerUITests;
				PRODUCT_NAME = "$(TARGET_NAME)";
				SWIFT_EMIT_LOC_STRINGS = NO;
				SWIFT_VERSION = 5.0;
				TARGETED_DEVICE_FAMILY = "1,2";
				TEST_TARGET_NAME = BarcodeScanner;
			};
			name = Release;
		};
/* End XCBuildConfiguration section */

/* Begin XCConfigurationList section */
		76E07E822BE9661B000C89AB /* Build configuration list for PBXProject "BarcodeScanner" */ = {
			isa = XCConfigurationList;
			buildConfigurations = (
				76E07EA92BE96620000C89AB /* Debug */,
				76E07EAA2BE96620000C89AB /* Release */,
			);
			defaultConfigurationIsVisible = 0;
			defaultConfigurationName = Release;
		};
		76E07EAB2BE96620000C89AB /* Build configuration list for PBXNativeTarget "BarcodeScanner" */ = {
			isa = XCConfigurationList;
			buildConfigurations = (
				76E07EAC2BE96620000C89AB /* Debug */,
				76E07EAD2BE96620000C89AB /* Release */,
			);
			defaultConfigurationIsVisible = 0;
			defaultConfigurationName = Release;
		};
		76E07EAE2BE96620000C89AB /* Build configuration list for PBXNativeTarget "BarcodeScannerTests" */ = {
			isa = XCConfigurationList;
			buildConfigurations = (
				76E07EAF2BE96620000C89AB /* Debug */,
				76E07EB02BE96620000C89AB /* Release */,
			);
			defaultConfigurationIsVisible = 0;
			defaultConfigurationName = Release;
		};
		76E07EB12BE96620000C89AB /* Build configuration list for PBXNativeTarget "BarcodeScannerUITests" */ = {
			isa = XCConfigurationList;
			buildConfigurations = (
				76E07EB22BE96620000C89AB /* Debug */,
				76E07EB32BE96620000C89AB /* Release */,
			);
			defaultConfigurationIsVisible = 0;
			defaultConfigurationName = Release;
		};
/* End XCConfigurationList section */
	};
	rootObject = 76E07E7F2BE9661B000C89AB /* Project object */;
}
